
Microsoft Visual Studio Solution File, Format Version 12.00
# Visual Studio Version 17
VisualStudioVersion = 17.2.32526.322
MinimumVisualStudioVersion = 10.0.40219.1
Project("{FAE04EC0-301F-11D3-BF4B-00C04F79EFBC}") = "Terententeva", "Terententeva\Terententeva.csproj", "{BB7CB86E-34A2-4C55-8EC5-6D962559FE13}"
EndProject
Global
	GlobalSection(SolutionConfigurationPlatforms) = preSolution
		Debug|Any CPU = Debug|Any CPU
		Release|Any CPU = Release|Any CPU
	EndGlobalSection
	GlobalSection(ProjectConfigurationPlatforms) = postSolution
		{BB7CB86E-34A2-4C55-8EC5-6D962559FE13}.Debug|Any CPU.ActiveCfg = Debug|Any CPU
		{BB7CB86E-34A2-4C55-8EC5-6D962559FE13}.Debug|Any CPU.Build.0 = Debug|Any CPU
		{BB7CB86E-34A2-4C55-8EC5-6D962559FE13}.Release|Any CPU.ActiveCfg = Release|Any CPU
		{BB7CB86E-34A2-4C55-8EC5-6D962559FE13}.Release|Any CPU.Build.0 = Release|Any CPU
	EndGlobalSection
	GlobalSection(SolutionProperties) = preSolution
		HideSolutionNode = FALSE
	EndGlobalSection
	GlobalSection(ExtensibilityGlobals) = postSolution
		SolutionGuid = {AC3D171E-BFA9-41BD-A906-E366E45F7FF7}
	EndGlobalSection
EndGlobal
